
Microsoft Visual Studio Solution File, Format Version 12.00
# Visual Studio 2012
Project("{FAE04EC0-301F-11D3-BF4B-00C04F79EFBC}") = "Guarantee", "Guarantee\Guarantee.csproj", "{C2B4AAB4-4902-41E6-835C-29DE6465CA6A}"
EndProject
Project("{FAE04EC0-301F-11D3-BF4B-00C04F79EFBC}") = "GuaranteeApp", "GuaranteeApp\GuaranteeApp.csproj", "{1908347C-A7B4-4132-9AF0-07A93260BE7E}"
EndProject
Project("{FAE04EC0-301F-11D3-BF4B-00C04F79EFBC}") = "Guarantee.Lib", "Guarantee.Lib\Guarantee.Lib.csproj", "{2A6EE181-7DDB-4A30-BF91-84F985E679AA}"
EndProject
Global
	GlobalSection(SolutionConfigurationPlatforms) = preSolution
		Debug|Any CPU = Debug|Any CPU
		Release|Any CPU = Release|Any CPU
	EndGlobalSection
	GlobalSection(ProjectConfigurationPlatforms) = postSolution
		{C2B4AAB4-4902-41E6-835C-29DE6465CA6A}.Debug|Any CPU.ActiveCfg = Debug|Any CPU
		{C2B4AAB4-4902-41E6-835C-29DE6465CA6A}.Debug|Any CPU.Build.0 = Debug|Any CPU
		{C2B4AAB4-4902-41E6-835C-29DE6465CA6A}.Release|Any CPU.ActiveCfg = Release|Any CPU
		{C2B4AAB4-4902-41E6-835C-29DE6465CA6A}.Release|Any CPU.Build.0 = Release|Any CPU
		{1908347C-A7B4-4132-9AF0-07A93260BE7E}.Debug|Any CPU.ActiveCfg = Debug|Any CPU
		{1908347C-A7B4-4132-9AF0-07A93260BE7E}.Debug|Any CPU.Build.0 = Debug|Any CPU
		{1908347C-A7B4-4132-9AF0-07A93260BE7E}.Release|Any CPU.ActiveCfg = Release|Any CPU
		{1908347C-A7B4-4132-9AF0-07A93260BE7E}.Release|Any CPU.Build.0 = Release|Any CPU
		{2A6EE181-7DDB-4A30-BF91-84F985E679AA}.Debug|Any CPU.ActiveCfg = Debug|Any CPU
		{2A6EE181-7DDB-4A30-BF91-84F985E679AA}.Debug|Any CPU.Build.0 = Debug|Any CPU
		{2A6EE181-7DDB-4A30-BF91-84F985E679AA}.Release|Any CPU.ActiveCfg = Release|Any CPU
		{2A6EE181-7DDB-4A30-BF91-84F985E679AA}.Release|Any CPU.Build.0 = Release|Any CPU
	EndGlobalSection
	GlobalSection(SolutionProperties) = preSolution
		HideSolutionNode = FALSE
	EndGlobalSection
EndGlobal
